
Microsoft Visual Studio Solution File, Format Version 12.00
# Visual Studio 14
VisualStudioVersion = 14.0.25420.1
MinimumVisualStudioVersion = 10.0.40219.1
Project("{BE0A4C86-FC82-4F70-8ED6-D24C8B13E7BF}") = "Prodosia", "Prodosia.javaproj", "{1180F37A-88F5-41F2-A2D9-D38CDAD94D9A}"
EndProject
Global
	GlobalSection(SolutionConfigurationPlatforms) = preSolution
		Debug|Any CPU = Debug|Any CPU
		Release|Any CPU = Release|Any CPU
	EndGlobalSection
	GlobalSection(ProjectConfigurationPlatforms) = postSolution
		{1180F37A-88F5-41F2-A2D9-D38CDAD94D9A}.Debug|Any CPU.ActiveCfg = Debug|Any CPU
		{1180F37A-88F5-41F2-A2D9-D38CDAD94D9A}.Debug|Any CPU.Build.0 = Debug|Any CPU
		{1180F37A-88F5-41F2-A2D9-D38CDAD94D9A}.Release|Any CPU.ActiveCfg = Release|Any CPU
		{1180F37A-88F5-41F2-A2D9-D38CDAD94D9A}.Release|Any CPU.Build.0 = Release|Any CPU
	EndGlobalSection
	GlobalSection(SolutionProperties) = preSolution
		HideSolutionNode = FALSE
	EndGlobalSection
EndGlobal
